
Microsoft Visual Studio Solution File, Format Version 12.00
# Visual Studio 15
VisualStudioVersion = 15.0.27130.2010
MinimumVisualStudioVersion = 10.0.40219.1
Project("{FAE04EC0-301F-11D3-BF4B-00C04F79EFBC}") = "GrapeNGine", "GrapeNGine\GrapeNGine.csproj", "{5C29AF3E-284A-4E07-B910-ADE7E239F0E5}"
EndProject
Project("{FAE04EC0-301F-11D3-BF4B-00C04F79EFBC}") = "BasicTest", "Examples\BasicTest\BasicTest.csproj", "{926DA9FD-5C1F-4788-85C5-22E2D309A0C1}"
	ProjectSection(ProjectDependencies) = postProject
		{5C29AF3E-284A-4E07-B910-ADE7E239F0E5} = {5C29AF3E-284A-4E07-B910-ADE7E239F0E5}
	EndProjectSection
EndProject
Project("{FAE04EC0-301F-11D3-BF4B-00C04F79EFBC}") = "CellularAutomata", "Examples\CellularAutomata\CellularAutomata.csproj", "{5E48BA6A-E6B5-4724-BFC0-D32F31C581C9}"
	ProjectSection(ProjectDependencies) = postProject
		{5C29AF3E-284A-4E07-B910-ADE7E239F0E5} = {5C29AF3E-284A-4E07-B910-ADE7E239F0E5}
	EndProjectSection
EndProject
Global
	GlobalSection(SolutionConfigurationPlatforms) = preSolution
		Debug|Any CPU = Debug|Any CPU
		Release|Any CPU = Release|Any CPU
	EndGlobalSection
	GlobalSection(ProjectConfigurationPlatforms) = postSolution
		{5C29AF3E-284A-4E07-B910-ADE7E239F0E5}.Debug|Any CPU.ActiveCfg = Debug|Any CPU
		{5C29AF3E-284A-4E07-B910-ADE7E239F0E5}.Debug|Any CPU.Build.0 = Debug|Any CPU
		{5C29AF3E-284A-4E07-B910-ADE7E239F0E5}.Release|Any CPU.ActiveCfg = Release|Any CPU
		{5C29AF3E-284A-4E07-B910-ADE7E239F0E5}.Release|Any CPU.Build.0 = Release|Any CPU
		{926DA9FD-5C1F-4788-85C5-22E2D309A0C1}.Debug|Any CPU.ActiveCfg = Debug|Any CPU
		{926DA9FD-5C1F-4788-85C5-22E2D309A0C1}.Debug|Any CPU.Build.0 = Debug|Any CPU
		{926DA9FD-5C1F-4788-85C5-22E2D309A0C1}.Release|Any CPU.ActiveCfg = Release|Any CPU
		{926DA9FD-5C1F-4788-85C5-22E2D309A0C1}.Release|Any CPU.Build.0 = Release|Any CPU
		{5E48BA6A-E6B5-4724-BFC0-D32F31C581C9}.Debug|Any CPU.ActiveCfg = Debug|Any CPU
		{5E48BA6A-E6B5-4724-BFC0-D32F31C581C9}.Debug|Any CPU.Build.0 = Debug|Any CPU
		{5E48BA6A-E6B5-4724-BFC0-D32F31C581C9}.Release|Any CPU.ActiveCfg = Release|Any CPU
		{5E48BA6A-E6B5-4724-BFC0-D32F31C581C9}.Release|Any CPU.Build.0 = Release|Any CPU
	EndGlobalSection
	GlobalSection(SolutionProperties) = preSolution
		HideSolutionNode = FALSE
	EndGlobalSection
	GlobalSection(ExtensibilityGlobals) = postSolution
		SolutionGuid = {D9C22098-85A6-4ED1-93A7-0AD960704520}
	EndGlobalSection
EndGlobal
